
Microsoft Visual Studio Solution File, Format Version 12.00
# Visual Studio 15
VisualStudioVersion = 15.0.28307.1622
MinimumVisualStudioVersion = 10.0.40219.1
Project("{FAE04EC0-301F-11D3-BF4B-00C04F79EFBC}") = "DeterminingNumber", "DeterminingNumber\DeterminingNumber.csproj", "{F41DF980-594A-480F-A4C7-BB56882FE592}"
EndProject
Global
	GlobalSection(SolutionConfigurationPlatforms) = preSolution
		Debug|Any CPU = Debug|Any CPU
		Release|Any CPU = Release|Any CPU
	EndGlobalSection
	GlobalSection(ProjectConfigurationPlatforms) = postSolution
		{F41DF980-594A-480F-A4C7-BB56882FE592}.Debug|Any CPU.ActiveCfg = Debug|Any CPU
		{F41DF980-594A-480F-A4C7-BB56882FE592}.Debug|Any CPU.Build.0 = Debug|Any CPU
		{F41DF980-594A-480F-A4C7-BB56882FE592}.Release|Any CPU.ActiveCfg = Release|Any CPU
		{F41DF980-594A-480F-A4C7-BB56882FE592}.Release|Any CPU.Build.0 = Release|Any CPU
	EndGlobalSection
	GlobalSection(SolutionProperties) = preSolution
		HideSolutionNode = FALSE
	EndGlobalSection
	GlobalSection(ExtensibilityGlobals) = postSolution
		SolutionGuid = {B66A2927-48B6-49A9-ACCF-136B52A0F038}
	EndGlobalSection
EndGlobal
